Microsoft Visual Studio Solution File, Format Version 12.00
# Visual Studio Version 16
VisualStudioVersion = 16.0.31229.75
MinimumVisualStudioVersion = 10.0.40219.1
Project("{2150E333-8FDC-42A3-9474-1A3956D46DE8}") = "Chapter_01_Introduction", "Chapter_01_Introduction", "{DC5FEE40-3A5E-41C5-BEB6-CF2E8E27FE9E}"
EndProject
Project("{9A19103F-16F7-4668-BE54-9A1E7A4F7556}") = "CalculatorExample", "Chapter_01_Introduction\CalculatorExample\CalculatorExample.csproj", "{40864FBE-6F36-4CE6-86A8-98C56991DAD7}"
EndProject
Project("{778DAE3C-4631-46EA-AA77-85C1314464D9}") = "CalculatorExampleVB", "Chapter_01_Introduction\CalculatorExampleVB\CalculatorExampleVB.vbproj", "{9076FC80-4CA1-4B2C-98FE-2F489EB6E1BC}"
EndProject
Project("{2150E333-8FDC-42A3-9474-1A3956D46DE8}") = "Chapter_03_Main_constructions", "Chapter_03_Main_constructions", "{4402D292-FBF2-4CDA-B230-74E55D3EC517}"
EndProject
Project("{9A19103F-16F7-4668-BE54-9A1E7A4F7556}") = "BasicConsoleIO", "Chapter_03_Main_constructions\BasicConsoleIO\BasicConsoleIO.csproj", "{D4126EED-E539-47D6-9D3E-5B78906080F6}"
EndProject
Project("{9A19103F-16F7-4668-BE54-9A1E7A4F7556}") = "BasicDataTypes", "Chapter_03_Main_constructions\BasicDataTypes\BasicDataTypes.csproj", "{BE33D480-5849-41EE-9D22-920791EC0EAA}"
EndProject
Project("{9A19103F-16F7-4668-BE54-9A1E7A4F7556}") = "SimpleCSharpApp", "Chapter_03_Main_constructions\SimpleCSharpApp\SimpleCSharpApp.csproj", "{FFAA5437-3588-47EF-AB91-F9FA6E7BA233}"
EndProject
Project("{FAE04EC0-301F-11D3-BF4B-00C04F79EFBC}") = "FunWithStrings", "Chapter_03_Main_constructions\FunWithStrings\FunWithStrings.csproj", "{DE3B0751-BAE6-4734-952D-72908BC80CAF}"
EndProject
Project("{FAE04EC0-301F-11D3-BF4B-00C04F79EFBC}") = "TypeConversions", "Chapter_03_Main_constructions\TypeConversions\TypeConversions.csproj", "{98C12C2A-D96B-4F9F-86E7-D7A14AC9E855}"
EndProject
Project("{FAE04EC0-301F-11D3-BF4B-00C04F79EFBC}") = "ImplicitlyTypedLocalVars", "Chapter_03_Main_constructions\ImplicitlyTypedLocalVars\ImplicitlyTypedLocalVars.csproj", "{7F6BE1C1-FE99-43A5-A456-8FCB2B004225}"
EndProject
Project("{FAE04EC0-301F-11D3-BF4B-00C04F79EFBC}") = "IterationsAndDecisions", "Chapter_03_Main_constructions\IterationsAndDecisions\IterationsAndDecisions.csproj", "{10BA0569-DD4A-410C-AC0B-B6AC09552778}"
EndProject
Project("{2150E333-8FDC-42A3-9474-1A3956D46DE8}") = "Chapter_04_Main_constructions", "Chapter_04_Main_constructions", "{D76E0ABE-78E1-4ABC-9891-67EA1CAB2A63}"
EndProject
Project("{FAE04EC0-301F-11D3-BF4B-00C04F79EFBC}") = "FunWithArrays", "Chapter_04_Main_constructions\FunWithArrays\FunWithArrays.csproj", "{C1853D3D-3AF2-418E-A705-AA514C7E64A1}"
EndProject
Project("{FAE04EC0-301F-11D3-BF4B-00C04F79EFBC}") = "FunWithMethods", "Chapter_04_Main_constructions\FunWithMethods\FunWithMethods.csproj", "{FCAA1277-6893-4471-AA92-394D8DD2EFA6}"
EndProject
Project("{FAE04EC0-301F-11D3-BF4B-00C04F79EFBC}") = "MethodOverloading", "Chapter_04_Main_constructions\MethodOverloading\MethodOverloading.csproj", "{A495E53B-44A4-42BC-ADCE-ABA2ACF579EC}"
EndProject
Project("{FAE04EC0-301F-11D3-BF4B-00C04F79EFBC}") = "FunWithLocalFunctions", "Chapter_04_Main_constructions\FunWithLocalFunctions\FunWithLocalFunctions.csproj", "{489AC920-87B0-4C2C-8092-303BED319339}"
EndProject
Project("{FAE04EC0-301F-11D3-BF4B-00C04F79EFBC}") = "FunWithEnums", "Chapter_04_Main_constructions\FunWithEnums\FunWithEnums.csproj", "{3A7E7457-1148-4C8B-B4D0-A52FFD52A0E6}"
EndProject
Project("{FAE04EC0-301F-11D3-BF4B-00C04F79EFBC}") = "FunWithStructures", "Chapter_04_Main_constructions\FunWithStructures\FunWithStructures.csproj", "{2D37710A-EA5C-40B2-B11A-1E960B5F1921}"
EndProject
Project("{FAE04EC0-301F-11D3-BF4B-00C04F79EFBC}") = "ValueAndReferenceTypes", "Chapter_04_Main_constructions\ValueAndReferenceTypes\ValueAndReferenceTypes.csproj", "{CB437DE4-E812-4F6B-BEEE-2C186BE00875}"
EndProject
Project("{FAE04EC0-301F-11D3-BF4B-00C04F79EFBC}") = "RefTypeValTypeParams", "Chapter_04_Main_constructions\RefTypeValTypeParams\RefTypeValTypeParams.csproj", "{DDA22BED-84E6-4C77-8BA9-ED9AC84FABCC}"
EndProject
Project("{FAE04EC0-301F-11D3-BF4B-00C04F79EFBC}") = "NullableTypes", "Chapter_04_Main_constructions\NullableTypes\NullableTypes.csproj", "{51C77FE8-1A02-434E-B338-B0FDE54B4582}"
EndProject
Project("{FAE04EC0-301F-11D3-BF4B-00C04F79EFBC}") = "FunWithTuples", "Chapter_04_Main_constructions\FunWithTuples\FunWithTuples.csproj", "{0E1FA0E5-DC50-43B3-96E7-AED526D8B8ED}"
EndProject
Project("{2150E333-8FDC-42A3-9474-1A3956D46DE8}") = "Chapter_05_Encapsulation", "Chapter_05_Encapsulation", "{6751A3B0-65DA-4520-A370-88251C35DF1E}"
EndProject
Project("{FAE04EC0-301F-11D3-BF4B-00C04F79EFBC}") = "SimpleClassExample", "Chapter_05_Encapsulation\SimpleClassExample\SimpleClassExample.csproj", "{073497A5-DF26-410C-B17C-1A8A3523C774}"
EndProject
Project("{FAE04EC0-301F-11D3-BF4B-00C04F79EFBC}") = "StaticDataAndMembers", "Chapter_05_Encapsulation\StaticDataAndMembers\StaticDataAndMembers.csproj", "{0662DDF6-7BA3-4A54-908B-5D04DDE3E358}"
EndProject
Project("{FAE04EC0-301F-11D3-BF4B-00C04F79EFBC}") = "SimpleUtilityClass", "Chapter_05_Encapsulation\SimpleUtilityClass\SimpleUtilityClass.csproj", "{C9A178AA-A23E-4B4D-ADB1-A48FD424A38B}"
EndProject
Project("{FAE04EC0-301F-11D3-BF4B-00C04F79EFBC}") = "EmployeeApp", "Chapter_05_Encapsulation\EmployeeApp\EmployeeApp.csproj", "{01778327-A2F1-4475-8176-9FE3DCE617A9}"
EndProject
Project("{FAE04EC0-301F-11D3-BF4B-00C04F79EFBC}") = "AutoProps", "Chapter_05_Encapsulation\AutoProps\AutoProps.csproj", "{70F1115D-2B3B-435F-ACCF-63D82AC2487E}"
EndProject
Project("{FAE04EC0-301F-11D3-BF4B-00C04F79EFBC}") = "ObjectInitializers", "Chapter_05_Encapsulation\ObjectInitializers\ObjectInitializers.csproj", "{B83B32C4-B547-434A-8C08-77E8B03495EF}"
EndProject
Project("{FAE04EC0-301F-11D3-BF4B-00C04F79EFBC}") = "ConstData", "Chapter_05_Encapsulation\ConstData\ConstData.csproj", "{F9F44FE5-21F1-40A9-BC3E-6DB3DEE08A77}"
EndProject
Project("{2150E333-8FDC-42A3-9474-1A3956D46DE8}") = "Chapter_06_Inheritance_and_Polymorphism", "Chapter_06_Inheritance_and_Polymorphism", "{EFF9D699-102C-4B3C-918F-747F3100505A}"
EndProject
Project("{FAE04EC0-301F-11D3-BF4B-00C04F79EFBC}") = "BasicInheritance", "Chapter_06_Inheritance_and_Polymorphism\BasicInheritance\BasicInheritance.csproj", "{BC1E47C3-20D6-4B10-9E10-9F2D5FC28766}"
EndProject
Project("{FAE04EC0-301F-11D3-BF4B-00C04F79EFBC}") = "Employees", "Chapter_06_Inheritance_and_Polymorphism\Employees\Employees.csproj", "{16FA6AE1-DF97-4273-A75B-587C2713AF95}"
EndProject
Project("{FAE04EC0-301F-11D3-BF4B-00C04F79EFBC}") = "Shapes", "Chapter_06_Inheritance_and_Polymorphism\Shapes\Shapes.csproj", "{8FD5B23E-B0CA-43B1-88D4-3ADB9F3BE3C8}"
EndProject
Project("{FAE04EC0-301F-11D3-BF4B-00C04F79EFBC}") = "IterationsAndDecisions", "Chapter_06_Inheritance_and_Polymorphism\IterationsAndDecisions\IterationsAndDecisions.csproj", "{0D223F26-864D-41A4-8877-F864DC271CFF}"
EndProject
Project("{FAE04EC0-301F-11D3-BF4B-00C04F79EFBC}") = "ObjectOverrides", "Chapter_06_Inheritance_and_Polymorphism\ObjectOverrides\ObjectOverrides.csproj", "{7F666BF3-A9C8-4A76-89BE-F59BCC1D4E65}"
EndProject
Project("{2150E333-8FDC-42A3-9474-1A3956D46DE8}") = "Chapter_07_Exceptions", "Chapter_07_Exceptions", "{96059BCE-C841-46FC-97F2-1454CE7CB7C7}"
EndProject
Project("{FAE04EC0-301F-11D3-BF4B-00C04F79EFBC}") = "SimpleException", "Chapter_07_Exceptions\SimpleException\SimpleException.csproj", "{9C177FE3-DE12-4D4E-BF49-17E887FAE847}"
EndProject
Project("{FAE04EC0-301F-11D3-BF4B-00C04F79EFBC}") = "CustomException", "Chapter_07_Exceptions\CustomException\CustomException.csproj", "{0228F81E-5130-44B7-BD49-93390CEC33AE}"
EndProject
Project("{FAE04EC0-301F-11D3-BF4B-00C04F79EFBC}") = "ProcessMultipleExceptions", "Chapter_07_Exceptions\ProcessMultipleExceptions\ProcessMultipleExceptions.csproj", "{8919A01D-856C-414C-AA41-036C6FD6DE29}"
EndProject
Project("{2150E333-8FDC-42A3-9474-1A3956D46DE8}") = "Chapter_08_Interfaces", "Chapter_08_Interfaces", "{EFDC819F-4EA0-46F1-9FD6-A72A4C8C4AD1}"
EndProject
Project("{FAE04EC0-301F-11D3-BF4B-00C04F79EFBC}") = "ICloneableExample", "Chapter_08_Interfaces\ICloneableExample\ICloneableExample.csproj", "{1C2B265C-9AF2-4EC0-A6C2-9082EF20926D}"
EndProject
Project("{FAE04EC0-301F-11D3-BF4B-00C04F79EFBC}") = "CustomInterface", "Chapter_08_Interfaces\CustomInterface\CustomInterface.csproj", "{83D54C88-0A56-480F-9B86-0AA655C1F435}"
EndProject
Project("{FAE04EC0-301F-11D3-BF4B-00C04F79EFBC}") = "InterfaceNameClash", "Chapter_08_Interfaces\InterfaceNameClash\InterfaceNameClash.csproj", "{726AE226-B2B3-4E22-8254-55B02FB95F1D}"
EndProject
Project("{FAE04EC0-301F-11D3-BF4B-00C04F79EFBC}") = "InterfaceHierarchy", "Chapter_08_Interfaces\InterfaceHierarchy\InterfaceHierarchy.csproj", "{B5DB3359-0C0B-4D9E-834B-122D54A115C1}"
EndProject
Project("{FAE04EC0-301F-11D3-BF4B-00C04F79EFBC}") = "MIInterfaceHierarchy", "Chapter_08_Interfaces\MIInterfaceHierarchy\MIInterfaceHierarchy.csproj", "{4515447A-CCC4-4842-A175-C1B833BB3C45}"
EndProject
Project("{FAE04EC0-301F-11D3-BF4B-00C04F79EFBC}") = "CustomEnumerator", "Chapter_08_Interfaces\CustomEnumerator\CustomEnumerator.csproj", "{218BA137-4790-4907-A56D-788A0F38FCAE}"
EndProject
Project("{FAE04EC0-301F-11D3-BF4B-00C04F79EFBC}") = "CustomEnumeratorWithYield", "Chapter_08_Interfaces\CustomEnumeratorWithYield\CustomEnumeratorWithYield.csproj", "{8E5D11D3-A643-4AF4-9DE8-24F2DAE56384}"
EndProject
Project("{FAE04EC0-301F-11D3-BF4B-00C04F79EFBC}") = "CloneablePoint", "Chapter_08_Interfaces\CloneablePoint\CloneablePoint.csproj", "{AD1DA72B-1752-44A6-B683-7E3458C4945E}"
EndProject
Global
	GlobalSection(SolutionConfigurationPlatforms) = preSolution
		Debug|Any CPU = Debug|Any CPU
		Release|Any CPU = Release|Any CPU
	EndGlobalSection
	GlobalSection(ProjectConfigurationPlatforms) = postSolution
		{40864FBE-6F36-4CE6-86A8-98C56991DAD7}.Debug|Any CPU.ActiveCfg = Debug|Any CPU
		{40864FBE-6F36-4CE6-86A8-98C56991DAD7}.Debug|Any CPU.Build.0 = Debug|Any CPU
		{40864FBE-6F36-4CE6-86A8-98C56991DAD7}.Release|Any CPU.ActiveCfg = Release|Any CPU
		{40864FBE-6F36-4CE6-86A8-98C56991DAD7}.Release|Any CPU.Build.0 = Release|Any CPU
		{9076FC80-4CA1-4B2C-98FE-2F489EB6E1BC}.Debug|Any CPU.ActiveCfg = Debug|Any CPU
		{9076FC80-4CA1-4B2C-98FE-2F489EB6E1BC}.Debug|Any CPU.Build.0 = Debug|Any CPU
		{9076FC80-4CA1-4B2C-98FE-2F489EB6E1BC}.Release|Any CPU.ActiveCfg = Release|Any CPU
		{9076FC80-4CA1-4B2C-98FE-2F489EB6E1BC}.Release|Any CPU.Build.0 = Release|Any CPU
		{D4126EED-E539-47D6-9D3E-5B78906080F6}.Debug|Any CPU.ActiveCfg = Debug|Any CPU
		{D4126EED-E539-47D6-9D3E-5B78906080F6}.Debug|Any CPU.Build.0 = Debug|Any CPU
		{D4126EED-E539-47D6-9D3E-5B78906080F6}.Release|Any CPU.ActiveCfg = Release|Any CPU
		{D4126EED-E539-47D6-9D3E-5B78906080F6}.Release|Any CPU.Build.0 = Release|Any CPU
		{BE33D480-5849-41EE-9D22-920791EC0EAA}.Debug|Any CPU.ActiveCfg = Debug|Any CPU
		{BE33D480-5849-41EE-9D22-920791EC0EAA}.Debug|Any CPU.Build.0 = Debug|Any CPU
		{BE33D480-5849-41EE-9D22-920791EC0EAA}.Release|Any CPU.ActiveCfg = Release|Any CPU
		{BE33D480-5849-41EE-9D22-920791EC0EAA}.Release|Any CPU.Build.0 = Release|Any CPU
		{FFAA5437-3588-47EF-AB91-F9FA6E7BA233}.Debug|Any CPU.ActiveCfg = Debug|Any CPU
		{FFAA5437-3588-47EF-AB91-F9FA6E7BA233}.Debug|Any CPU.Build.0 = Debug|Any CPU
		{FFAA5437-3588-47EF-AB91-F9FA6E7BA233}.Release|Any CPU.ActiveCfg = Release|Any CPU
		{FFAA5437-3588-47EF-AB91-F9FA6E7BA233}.Release|Any CPU.Build.0 = Release|Any CPU
		{DE3B0751-BAE6-4734-952D-72908BC80CAF}.Debug|Any CPU.ActiveCfg = Debug|Any CPU
		{DE3B0751-BAE6-4734-952D-72908BC80CAF}.Debug|Any CPU.Build.0 = Debug|Any CPU
		{DE3B0751-BAE6-4734-952D-72908BC80CAF}.Release|Any CPU.ActiveCfg = Release|Any CPU
		{DE3B0751-BAE6-4734-952D-72908BC80CAF}.Release|Any CPU.Build.0 = Release|Any CPU
		{98C12C2A-D96B-4F9F-86E7-D7A14AC9E855}.Debug|Any CPU.ActiveCfg = Debug|Any CPU
		{98C12C2A-D96B-4F9F-86E7-D7A14AC9E855}.Debug|Any CPU.Build.0 = Debug|Any CPU
		{98C12C2A-D96B-4F9F-86E7-D7A14AC9E855}.Release|Any CPU.ActiveCfg = Release|Any CPU
		{98C12C2A-D96B-4F9F-86E7-D7A14AC9E855}.Release|Any CPU.Build.0 = Release|Any CPU
		{7F6BE1C1-FE99-43A5-A456-8FCB2B004225}.Debug|Any CPU.ActiveCfg = Debug|Any CPU
		{7F6BE1C1-FE99-43A5-A456-8FCB2B004225}.Debug|Any CPU.Build.0 = Debug|Any CPU
		{7F6BE1C1-FE99-43A5-A456-8FCB2B004225}.Release|Any CPU.ActiveCfg = Release|Any CPU
		{7F6BE1C1-FE99-43A5-A456-8FCB2B004225}.Release|Any CPU.Build.0 = Release|Any CPU
		{10BA0569-DD4A-410C-AC0B-B6AC09552778}.Debug|Any CPU.ActiveCfg = Debug|Any CPU
		{10BA0569-DD4A-410C-AC0B-B6AC09552778}.Debug|Any CPU.Build.0 = Debug|Any CPU
		{10BA0569-DD4A-410C-AC0B-B6AC09552778}.Release|Any CPU.ActiveCfg = Release|Any CPU
		{10BA0569-DD4A-410C-AC0B-B6AC09552778}.Release|Any CPU.Build.0 = Release|Any CPU
		{C1853D3D-3AF2-418E-A705-AA514C7E64A1}.Debug|Any CPU.ActiveCfg = Debug|Any CPU
		{C1853D3D-3AF2-418E-A705-AA514C7E64A1}.Debug|Any CPU.Build.0 = Debug|Any CPU
		{C1853D3D-3AF2-418E-A705-AA514C7E64A1}.Release|Any CPU.ActiveCfg = Release|Any CPU
		{C1853D3D-3AF2-418E-A705-AA514C7E64A1}.Release|Any CPU.Build.0 = Release|Any CPU
		{FCAA1277-6893-4471-AA92-394D8DD2EFA6}.Debug|Any CPU.ActiveCfg = Debug|Any CPU
		{FCAA1277-6893-4471-AA92-394D8DD2EFA6}.Debug|Any CPU.Build.0 = Debug|Any CPU
		{FCAA1277-6893-4471-AA92-394D8DD2EFA6}.Release|Any CPU.ActiveCfg = Release|Any CPU
		{FCAA1277-6893-4471-AA92-394D8DD2EFA6}.Release|Any CPU.Build.0 = Release|Any CPU
		{A495E53B-44A4-42BC-ADCE-ABA2ACF579EC}.Debug|Any CPU.ActiveCfg = Debug|Any CPU
		{A495E53B-44A4-42BC-ADCE-ABA2ACF579EC}.Debug|Any CPU.Build.0 = Debug|Any CPU
		{A495E53B-44A4-42BC-ADCE-ABA2ACF579EC}.Release|Any CPU.ActiveCfg = Release|Any CPU
		{A495E53B-44A4-42BC-ADCE-ABA2ACF579EC}.Release|Any CPU.Build.0 = Release|Any CPU
		{489AC920-87B0-4C2C-8092-303BED319339}.Debug|Any CPU.ActiveCfg = Debug|Any CPU
		{489AC920-87B0-4C2C-8092-303BED319339}.Debug|Any CPU.Build.0 = Debug|Any CPU
		{489AC920-87B0-4C2C-8092-303BED319339}.Release|Any CPU.ActiveCfg = Release|Any CPU
		{489AC920-87B0-4C2C-8092-303BED319339}.Release|Any CPU.Build.0 = Release|Any CPU
		{3A7E7457-1148-4C8B-B4D0-A52FFD52A0E6}.Debug|Any CPU.ActiveCfg = Debug|Any CPU
		{3A7E7457-1148-4C8B-B4D0-A52FFD52A0E6}.Debug|Any CPU.Build.0 = Debug|Any CPU
		{3A7E7457-1148-4C8B-B4D0-A52FFD52A0E6}.Release|Any CPU.ActiveCfg = Release|Any CPU
		{3A7E7457-1148-4C8B-B4D0-A52FFD52A0E6}.Release|Any CPU.Build.0 = Release|Any CPU
		{2D37710A-EA5C-40B2-B11A-1E960B5F1921}.Debug|Any CPU.ActiveCfg = Debug|Any CPU
		{2D37710A-EA5C-40B2-B11A-1E960B5F1921}.Debug|Any CPU.Build.0 = Debug|Any CPU
		{2D37710A-EA5C-40B2-B11A-1E960B5F1921}.Release|Any CPU.ActiveCfg = Release|Any CPU
		{2D37710A-EA5C-40B2-B11A-1E960B5F1921}.Release|Any CPU.Build.0 = Release|Any CPU
		{CB437DE4-E812-4F6B-BEEE-2C186BE00875}.Debug|Any CPU.ActiveCfg = Debug|Any CPU
		{CB437DE4-E812-4F6B-BEEE-2C186BE00875}.Debug|Any CPU.Build.0 = Debug|Any CPU
		{CB437DE4-E812-4F6B-BEEE-2C186BE00875}.Release|Any CPU.ActiveCfg = Release|Any CPU
		{CB437DE4-E812-4F6B-BEEE-2C186BE00875}.Release|Any CPU.Build.0 = Release|Any CPU
		{DDA22BED-84E6-4C77-8BA9-ED9AC84FABCC}.Debug|Any CPU.ActiveCfg = Debug|Any CPU
		{DDA22BED-84E6-4C77-8BA9-ED9AC84FABCC}.Debug|Any CPU.Build.0 = Debug|Any CPU
		{DDA22BED-84E6-4C77-8BA9-ED9AC84FABCC}.Release|Any CPU.ActiveCfg = Release|Any CPU
		{DDA22BED-84E6-4C77-8BA9-ED9AC84FABCC}.Release|Any CPU.Build.0 = Release|Any CPU
		{51C77FE8-1A02-434E-B338-B0FDE54B4582}.Debug|Any CPU.ActiveCfg = Debug|Any CPU
		{51C77FE8-1A02-434E-B338-B0FDE54B4582}.Debug|Any CPU.Build.0 = Debug|Any CPU
		{51C77FE8-1A02-434E-B338-B0FDE54B4582}.Release|Any CPU.ActiveCfg = Release|Any CPU
		{51C77FE8-1A02-434E-B338-B0FDE54B4582}.Release|Any CPU.Build.0 = Release|Any CPU
		{0E1FA0E5-DC50-43B3-96E7-AED526D8B8ED}.Debug|Any CPU.ActiveCfg = Debug|Any CPU
		{0E1FA0E5-DC50-43B3-96E7-AED526D8B8ED}.Debug|Any CPU.Build.0 = Debug|Any CPU
		{0E1FA0E5-DC50-43B3-96E7-AED526D8B8ED}.Release|Any CPU.ActiveCfg = Release|Any CPU
		{0E1FA0E5-DC50-43B3-96E7-AED526D8B8ED}.Release|Any CPU.Build.0 = Release|Any CPU
		{073497A5-DF26-410C-B17C-1A8A3523C774}.Debug|Any CPU.ActiveCfg = Debug|Any CPU
		{073497A5-DF26-410C-B17C-1A8A3523C774}.Debug|Any CPU.Build.0 = Debug|Any CPU
		{073497A5-DF26-410C-B17C-1A8A3523C774}.Release|Any CPU.ActiveCfg = Release|Any CPU
		{073497A5-DF26-410C-B17C-1A8A3523C774}.Release|Any CPU.Build.0 = Release|Any CPU
		{0662DDF6-7BA3-4A54-908B-5D04DDE3E358}.Debug|Any CPU.ActiveCfg = Debug|Any CPU
		{0662DDF6-7BA3-4A54-908B-5D04DDE3E358}.Debug|Any CPU.Build.0 = Debug|Any CPU
		{0662DDF6-7BA3-4A54-908B-5D04DDE3E358}.Release|Any CPU.ActiveCfg = Release|Any CPU
		{0662DDF6-7BA3-4A54-908B-5D04DDE3E358}.Release|Any CPU.Build.0 = Release|Any CPU
		{C9A178AA-A23E-4B4D-ADB1-A48FD424A38B}.Debug|Any CPU.ActiveCfg = Debug|Any CPU
		{C9A178AA-A23E-4B4D-ADB1-A48FD424A38B}.Debug|Any CPU.Build.0 = Debug|Any CPU
		{C9A178AA-A23E-4B4D-ADB1-A48FD424A38B}.Release|Any CPU.ActiveCfg = Release|Any CPU
		{C9A178AA-A23E-4B4D-ADB1-A48FD424A38B}.Release|Any CPU.Build.0 = Release|Any CPU
		{01778327-A2F1-4475-8176-9FE3DCE617A9}.Debug|Any CPU.ActiveCfg = Debug|Any CPU
		{01778327-A2F1-4475-8176-9FE3DCE617A9}.Debug|Any CPU.Build.0 = Debug|Any CPU
		{01778327-A2F1-4475-8176-9FE3DCE617A9}.Release|Any CPU.ActiveCfg = Release|Any CPU
		{01778327-A2F1-4475-8176-9FE3DCE617A9}.Release|Any CPU.Build.0 = Release|Any CPU
		{70F1115D-2B3B-435F-ACCF-63D82AC2487E}.Debug|Any CPU.ActiveCfg = Debug|Any CPU
		{70F1115D-2B3B-435F-ACCF-63D82AC2487E}.Debug|Any CPU.Build.0 = Debug|Any CPU
		{70F1115D-2B3B-435F-ACCF-63D82AC2487E}.Release|Any CPU.ActiveCfg = Release|Any CPU
		{70F1115D-2B3B-435F-ACCF-63D82AC2487E}.Release|Any CPU.Build.0 = Release|Any CPU
		{B83B32C4-B547-434A-8C08-77E8B03495EF}.Debug|Any CPU.ActiveCfg = Debug|Any CPU
		{B83B32C4-B547-434A-8C08-77E8B03495EF}.Debug|Any CPU.Build.0 = Debug|Any CPU
		{B83B32C4-B547-434A-8C08-77E8B03495EF}.Release|Any CPU.ActiveCfg = Release|Any CPU
		{B83B32C4-B547-434A-8C08-77E8B03495EF}.Release|Any CPU.Build.0 = Release|Any CPU
		{F9F44FE5-21F1-40A9-BC3E-6DB3DEE08A77}.Debug|Any CPU.ActiveCfg = Debug|Any CPU
		{F9F44FE5-21F1-40A9-BC3E-6DB3DEE08A77}.Debug|Any CPU.Build.0 = Debug|Any CPU
		{F9F44FE5-21F1-40A9-BC3E-6DB3DEE08A77}.Release|Any CPU.ActiveCfg = Release|Any CPU
		{F9F44FE5-21F1-40A9-BC3E-6DB3DEE08A77}.Release|Any CPU.Build.0 = Release|Any CPU
		{BC1E47C3-20D6-4B10-9E10-9F2D5FC28766}.Debug|Any CPU.ActiveCfg = Debug|Any CPU
		{BC1E47C3-20D6-4B10-9E10-9F2D5FC28766}.Debug|Any CPU.Build.0 = Debug|Any CPU
		{BC1E47C3-20D6-4B10-9E10-9F2D5FC28766}.Release|Any CPU.ActiveCfg = Release|Any CPU
		{BC1E47C3-20D6-4B10-9E10-9F2D5FC28766}.Release|Any CPU.Build.0 = Release|Any CPU
		{16FA6AE1-DF97-4273-A75B-587C2713AF95}.Debug|Any CPU.ActiveCfg = Debug|Any CPU
		{16FA6AE1-DF97-4273-A75B-587C2713AF95}.Debug|Any CPU.Build.0 = Debug|Any CPU
		{16FA6AE1-DF97-4273-A75B-587C2713AF95}.Release|Any CPU.ActiveCfg = Release|Any CPU
		{16FA6AE1-DF97-4273-A75B-587C2713AF95}.Release|Any CPU.Build.0 = Release|Any CPU
		{8FD5B23E-B0CA-43B1-88D4-3ADB9F3BE3C8}.Debug|Any CPU.ActiveCfg = Debug|Any CPU
		{8FD5B23E-B0CA-43B1-88D4-3ADB9F3BE3C8}.Debug|Any CPU.Build.0 = Debug|Any CPU
		{8FD5B23E-B0CA-43B1-88D4-3ADB9F3BE3C8}.Release|Any CPU.ActiveCfg = Release|Any CPU
		{8FD5B23E-B0CA-43B1-88D4-3ADB9F3BE3C8}.Release|Any CPU.Build.0 = Release|Any CPU
		{0D223F26-864D-41A4-8877-F864DC271CFF}.Debug|Any CPU.ActiveCfg = Debug|Any CPU
		{0D223F26-864D-41A4-8877-F864DC271CFF}.Debug|Any CPU.Build.0 = Debug|Any CPU
		{0D223F26-864D-41A4-8877-F864DC271CFF}.Release|Any CPU.ActiveCfg = Release|Any CPU
		{0D223F26-864D-41A4-8877-F864DC271CFF}.Release|Any CPU.Build.0 = Release|Any CPU
		{7F666BF3-A9C8-4A76-89BE-F59BCC1D4E65}.Debug|Any CPU.ActiveCfg = Debug|Any CPU
		{7F666BF3-A9C8-4A76-89BE-F59BCC1D4E65}.Debug|Any CPU.Build.0 = Debug|Any CPU
		{7F666BF3-A9C8-4A76-89BE-F59BCC1D4E65}.Release|Any CPU.ActiveCfg = Release|Any CPU
		{7F666BF3-A9C8-4A76-89BE-F59BCC1D4E65}.Release|Any CPU.Build.0 = Release|Any CPU
		{9C177FE3-DE12-4D4E-BF49-17E887FAE847}.Debug|Any CPU.ActiveCfg = Debug|Any CPU
		{9C177FE3-DE12-4D4E-BF49-17E887FAE847}.Debug|Any CPU.Build.0 = Debug|Any CPU
		{9C177FE3-DE12-4D4E-BF49-17E887FAE847}.Release|Any CPU.ActiveCfg = Release|Any CPU
		{9C177FE3-DE12-4D4E-BF49-17E887FAE847}.Release|Any CPU.Build.0 = Release|Any CPU
		{0228F81E-5130-44B7-BD49-93390CEC33AE}.Debug|Any CPU.ActiveCfg = Debug|Any CPU
		{0228F81E-5130-44B7-BD49-93390CEC33AE}.Debug|Any CPU.Build.0 = Debug|Any CPU
		{0228F81E-5130-44B7-BD49-93390CEC33AE}.Release|Any CPU.ActiveCfg = Release|Any CPU
		{0228F81E-5130-44B7-BD49-93390CEC33AE}.Release|Any CPU.Build.0 = Release|Any CPU
		{8919A01D-856C-414C-AA41-036C6FD6DE29}.Debug|Any CPU.ActiveCfg = Debug|Any CPU
		{8919A01D-856C-414C-AA41-036C6FD6DE29}.Debug|Any CPU.Build.0 = Debug|Any CPU
		{8919A01D-856C-414C-AA41-036C6FD6DE29}.Release|Any CPU.ActiveCfg = Release|Any CPU
		{8919A01D-856C-414C-AA41-036C6FD6DE29}.Release|Any CPU.Build.0 = Release|Any CPU
		{1C2B265C-9AF2-4EC0-A6C2-9082EF20926D}.Debug|Any CPU.ActiveCfg = Debug|Any CPU
		{1C2B265C-9AF2-4EC0-A6C2-9082EF20926D}.Debug|Any CPU.Build.0 = Debug|Any CPU
		{1C2B265C-9AF2-4EC0-A6C2-9082EF20926D}.Release|Any CPU.ActiveCfg = Release|Any CPU
		{1C2B265C-9AF2-4EC0-A6C2-9082EF20926D}.Release|Any CPU.Build.0 = Release|Any CPU
		{83D54C88-0A56-480F-9B86-0AA655C1F435}.Debug|Any CPU.ActiveCfg = Debug|Any CPU
		{83D54C88-0A56-480F-9B86-0AA655C1F435}.Debug|Any CPU.Build.0 = Debug|Any CPU
		{83D54C88-0A56-480F-9B86-0AA655C1F435}.Release|Any CPU.ActiveCfg = Release|Any CPU
		{83D54C88-0A56-480F-9B86-0AA655C1F435}.Release|Any CPU.Build.0 = Release|Any CPU
		{726AE226-B2B3-4E22-8254-55B02FB95F1D}.Debug|Any CPU.ActiveCfg = Debug|Any CPU
		{726AE226-B2B3-4E22-8254-55B02FB95F1D}.Debug|Any CPU.Build.0 = Debug|Any CPU
		{726AE226-B2B3-4E22-8254-55B02FB95F1D}.Release|Any CPU.ActiveCfg = Release|Any CPU
		{726AE226-B2B3-4E22-8254-55B02FB95F1D}.Release|Any CPU.Build.0 = Release|Any CPU
		{B5DB3359-0C0B-4D9E-834B-122D54A115C1}.Debug|Any CPU.ActiveCfg = Debug|Any CPU
		{B5DB3359-0C0B-4D9E-834B-122D54A115C1}.Debug|Any CPU.Build.0 = Debug|Any CPU
		{B5DB3359-0C0B-4D9E-834B-122D54A115C1}.Release|Any CPU.ActiveCfg = Release|Any CPU
		{B5DB3359-0C0B-4D9E-834B-122D54A115C1}.Release|Any CPU.Build.0 = Release|Any CPU
		{4515447A-CCC4-4842-A175-C1B833BB3C45}.Debug|Any CPU.ActiveCfg = Debug|Any CPU
		{4515447A-CCC4-4842-A175-C1B833BB3C45}.Debug|Any CPU.Build.0 = Debug|Any CPU
		{4515447A-CCC4-4842-A175-C1B833BB3C45}.Release|Any CPU.ActiveCfg = Release|Any CPU
		{4515447A-CCC4-4842-A175-C1B833BB3C45}.Release|Any CPU.Build.0 = Release|Any CPU
		{218BA137-4790-4907-A56D-788A0F38FCAE}.Debug|Any CPU.ActiveCfg = Debug|Any CPU
		{218BA137-4790-4907-A56D-788A0F38FCAE}.Debug|Any CPU.Build.0 = Debug|Any CPU
		{218BA137-4790-4907-A56D-788A0F38FCAE}.Release|Any CPU.ActiveCfg = Release|Any CPU
		{218BA137-4790-4907-A56D-788A0F38FCAE}.Release|Any CPU.Build.0 = Release|Any CPU
		{8E5D11D3-A643-4AF4-9DE8-24F2DAE56384}.Debug|Any CPU.ActiveCfg = Debug|Any CPU
		{8E5D11D3-A643-4AF4-9DE8-24F2DAE56384}.Debug|Any CPU.Build.0 = Debug|Any CPU
		{8E5D11D3-A643-4AF4-9DE8-24F2DAE56384}.Release|Any CPU.ActiveCfg = Release|Any CPU
		{8E5D11D3-A643-4AF4-9DE8-24F2DAE56384}.Release|Any CPU.Build.0 = Release|Any CPU
		{AD1DA72B-1752-44A6-B683-7E3458C4945E}.Debug|Any CPU.ActiveCfg = Debug|Any CPU
		{AD1DA72B-1752-44A6-B683-7E3458C4945E}.Debug|Any CPU.Build.0 = Debug|Any CPU
		{AD1DA72B-1752-44A6-B683-7E3458C4945E}.Release|Any CPU.ActiveCfg = Release|Any CPU
		{AD1DA72B-1752-44A6-B683-7E3458C4945E}.Release|Any CPU.Build.0 = Release|Any CPU
	EndGlobalSection
	GlobalSection(SolutionProperties) = preSolution
		HideSolutionNode = FALSE
	EndGlobalSection
	GlobalSection(NestedProjects) = preSolution
		{40864FBE-6F36-4CE6-86A8-98C56991DAD7} = {DC5FEE40-3A5E-41C5-BEB6-CF2E8E27FE9E}
		{9076FC80-4CA1-4B2C-98FE-2F489EB6E1BC} = {DC5FEE40-3A5E-41C5-BEB6-CF2E8E27FE9E}
		{D4126EED-E539-47D6-9D3E-5B78906080F6} = {4402D292-FBF2-4CDA-B230-74E55D3EC517}
		{BE33D480-5849-41EE-9D22-920791EC0EAA} = {4402D292-FBF2-4CDA-B230-74E55D3EC517}
		{FFAA5437-3588-47EF-AB91-F9FA6E7BA233} = {4402D292-FBF2-4CDA-B230-74E55D3EC517}
		{DE3B0751-BAE6-4734-952D-72908BC80CAF} = {4402D292-FBF2-4CDA-B230-74E55D3EC517}
		{98C12C2A-D96B-4F9F-86E7-D7A14AC9E855} = {4402D292-FBF2-4CDA-B230-74E55D3EC517}
		{7F6BE1C1-FE99-43A5-A456-8FCB2B004225} = {4402D292-FBF2-4CDA-B230-74E55D3EC517}
		{10BA0569-DD4A-410C-AC0B-B6AC09552778} = {4402D292-FBF2-4CDA-B230-74E55D3EC517}
		{C1853D3D-3AF2-418E-A705-AA514C7E64A1} = {D76E0ABE-78E1-4ABC-9891-67EA1CAB2A63}
		{FCAA1277-6893-4471-AA92-394D8DD2EFA6} = {D76E0ABE-78E1-4ABC-9891-67EA1CAB2A63}
		{A495E53B-44A4-42BC-ADCE-ABA2ACF579EC} = {D76E0ABE-78E1-4ABC-9891-67EA1CAB2A63}
		{489AC920-87B0-4C2C-8092-303BED319339} = {D76E0ABE-78E1-4ABC-9891-67EA1CAB2A63}
		{3A7E7457-1148-4C8B-B4D0-A52FFD52A0E6} = {D76E0ABE-78E1-4ABC-9891-67EA1CAB2A63}
		{2D37710A-EA5C-40B2-B11A-1E960B5F1921} = {D76E0ABE-78E1-4ABC-9891-67EA1CAB2A63}
		{CB437DE4-E812-4F6B-BEEE-2C186BE00875} = {D76E0ABE-78E1-4ABC-9891-67EA1CAB2A63}
		{DDA22BED-84E6-4C77-8BA9-ED9AC84FABCC} = {D76E0ABE-78E1-4ABC-9891-67EA1CAB2A63}
		{51C77FE8-1A02-434E-B338-B0FDE54B4582} = {D76E0ABE-78E1-4ABC-9891-67EA1CAB2A63}
		{0E1FA0E5-DC50-43B3-96E7-AED526D8B8ED} = {D76E0ABE-78E1-4ABC-9891-67EA1CAB2A63}
		{073497A5-DF26-410C-B17C-1A8A3523C774} = {6751A3B0-65DA-4520-A370-88251C35DF1E}
		{0662DDF6-7BA3-4A54-908B-5D04DDE3E358} = {6751A3B0-65DA-4520-A370-88251C35DF1E}
		{C9A178AA-A23E-4B4D-ADB1-A48FD424A38B} = {6751A3B0-65DA-4520-A370-88251C35DF1E}
		{01778327-A2F1-4475-8176-9FE3DCE617A9} = {6751A3B0-65DA-4520-A370-88251C35DF1E}
		{70F1115D-2B3B-435F-ACCF-63D82AC2487E} = {6751A3B0-65DA-4520-A370-88251C35DF1E}
		{B83B32C4-B547-434A-8C08-77E8B03495EF} = {6751A3B0-65DA-4520-A370-88251C35DF1E}
		{F9F44FE5-21F1-40A9-BC3E-6DB3DEE08A77} = {6751A3B0-65DA-4520-A370-88251C35DF1E}
		{BC1E47C3-20D6-4B10-9E10-9F2D5FC28766} = {EFF9D699-102C-4B3C-918F-747F3100505A}
		{16FA6AE1-DF97-4273-A75B-587C2713AF95} = {EFF9D699-102C-4B3C-918F-747F3100505A}
		{8FD5B23E-B0CA-43B1-88D4-3ADB9F3BE3C8} = {EFF9D699-102C-4B3C-918F-747F3100505A}
		{0D223F26-864D-41A4-8877-F864DC271CFF} = {EFF9D699-102C-4B3C-918F-747F3100505A}
		{7F666BF3-A9C8-4A76-89BE-F59BCC1D4E65} = {EFF9D699-102C-4B3C-918F-747F3100505A}
		{9C177FE3-DE12-4D4E-BF49-17E887FAE847} = {96059BCE-C841-46FC-97F2-1454CE7CB7C7}
		{0228F81E-5130-44B7-BD49-93390CEC33AE} = {96059BCE-C841-46FC-97F2-1454CE7CB7C7}
		{8919A01D-856C-414C-AA41-036C6FD6DE29} = {96059BCE-C841-46FC-97F2-1454CE7CB7C7}
		{1C2B265C-9AF2-4EC0-A6C2-9082EF20926D} = {EFDC819F-4EA0-46F1-9FD6-A72A4C8C4AD1}
		{83D54C88-0A56-480F-9B86-0AA655C1F435} = {EFDC819F-4EA0-46F1-9FD6-A72A4C8C4AD1}
		{726AE226-B2B3-4E22-8254-55B02FB95F1D} = {EFDC819F-4EA0-46F1-9FD6-A72A4C8C4AD1}
		{B5DB3359-0C0B-4D9E-834B-122D54A115C1} = {EFDC819F-4EA0-46F1-9FD6-A72A4C8C4AD1}
		{4515447A-CCC4-4842-A175-C1B833BB3C45} = {EFDC819F-4EA0-46F1-9FD6-A72A4C8C4AD1}
		{218BA137-4790-4907-A56D-788A0F38FCAE} = {EFDC819F-4EA0-46F1-9FD6-A72A4C8C4AD1}
		{8E5D11D3-A643-4AF4-9DE8-24F2DAE56384} = {EFDC819F-4EA0-46F1-9FD6-A72A4C8C4AD1}
		{AD1DA72B-1752-44A6-B683-7E3458C4945E} = {EFDC819F-4EA0-46F1-9FD6-A72A4C8C4AD1}
	EndGlobalSection
	GlobalSection(ExtensibilityGlobals) = postSolution
		SolutionGuid = {43FB1BAA-2307-42AE-B2AC-FF213B77100B}
	EndGlobalSection
EndGlobal
