
Microsoft Visual Studio Solution File, Format Version 12.00
# Visual Studio Version 16
VisualStudioVersion = 16.0.31229.75
MinimumVisualStudioVersion = 10.0.40219.1
Project("{2150E333-8FDC-42A3-9474-1A3956D46DE8}") = "Chapter_01_Introduction", "Chapter_01_Introduction", "{DC5FEE40-3A5E-41C5-BEB6-CF2E8E27FE9E}"
EndProject
Project("{9A19103F-16F7-4668-BE54-9A1E7A4F7556}") = "CalculatorExample", "Chapter_01_Introduction\CalculatorExample\CalculatorExample.csproj", "{40864FBE-6F36-4CE6-86A8-98C56991DAD7}"
EndProject
Project("{778DAE3C-4631-46EA-AA77-85C1314464D9}") = "CalculatorExampleVB", "Chapter_01_Introduction\CalculatorExampleVB\CalculatorExampleVB.vbproj", "{9076FC80-4CA1-4B2C-98FE-2F489EB6E1BC}"
EndProject
Project("{2150E333-8FDC-42A3-9474-1A3956D46DE8}") = "Chapter_03_Main_constructions", "Chapter_03_Main_constructions", "{4402D292-FBF2-4CDA-B230-74E55D3EC517}"
EndProject
Project("{9A19103F-16F7-4668-BE54-9A1E7A4F7556}") = "BasicConsoleIO", "Chapter_03_Main_constructions\BasicConsoleIO\BasicConsoleIO.csproj", "{D4126EED-E539-47D6-9D3E-5B78906080F6}"
EndProject
Project("{9A19103F-16F7-4668-BE54-9A1E7A4F7556}") = "BasicDataTypes", "Chapter_03_Main_constructions\BasicDataTypes\BasicDataTypes.csproj", "{BE33D480-5849-41EE-9D22-920791EC0EAA}"
EndProject
Project("{9A19103F-16F7-4668-BE54-9A1E7A4F7556}") = "SimpleCSharpApp", "Chapter_03_Main_constructions\SimpleCSharpApp\SimpleCSharpApp.csproj", "{FFAA5437-3588-47EF-AB91-F9FA6E7BA233}"
EndProject
Global
	GlobalSection(SolutionConfigurationPlatforms) = preSolution
		Debug|Any CPU = Debug|Any CPU
		Release|Any CPU = Release|Any CPU
	EndGlobalSection
	GlobalSection(ProjectConfigurationPlatforms) = postSolution
		{40864FBE-6F36-4CE6-86A8-98C56991DAD7}.Debug|Any CPU.ActiveCfg = Debug|Any CPU
		{40864FBE-6F36-4CE6-86A8-98C56991DAD7}.Debug|Any CPU.Build.0 = Debug|Any CPU
		{40864FBE-6F36-4CE6-86A8-98C56991DAD7}.Release|Any CPU.ActiveCfg = Release|Any CPU
		{40864FBE-6F36-4CE6-86A8-98C56991DAD7}.Release|Any CPU.Build.0 = Release|Any CPU
		{9076FC80-4CA1-4B2C-98FE-2F489EB6E1BC}.Debug|Any CPU.ActiveCfg = Debug|Any CPU
		{9076FC80-4CA1-4B2C-98FE-2F489EB6E1BC}.Debug|Any CPU.Build.0 = Debug|Any CPU
		{9076FC80-4CA1-4B2C-98FE-2F489EB6E1BC}.Release|Any CPU.ActiveCfg = Release|Any CPU
		{9076FC80-4CA1-4B2C-98FE-2F489EB6E1BC}.Release|Any CPU.Build.0 = Release|Any CPU
		{D4126EED-E539-47D6-9D3E-5B78906080F6}.Debug|Any CPU.ActiveCfg = Debug|Any CPU
		{D4126EED-E539-47D6-9D3E-5B78906080F6}.Debug|Any CPU.Build.0 = Debug|Any CPU
		{D4126EED-E539-47D6-9D3E-5B78906080F6}.Release|Any CPU.ActiveCfg = Release|Any CPU
		{D4126EED-E539-47D6-9D3E-5B78906080F6}.Release|Any CPU.Build.0 = Release|Any CPU
		{BE33D480-5849-41EE-9D22-920791EC0EAA}.Debug|Any CPU.ActiveCfg = Debug|Any CPU
		{BE33D480-5849-41EE-9D22-920791EC0EAA}.Debug|Any CPU.Build.0 = Debug|Any CPU
		{BE33D480-5849-41EE-9D22-920791EC0EAA}.Release|Any CPU.ActiveCfg = Release|Any CPU
		{BE33D480-5849-41EE-9D22-920791EC0EAA}.Release|Any CPU.Build.0 = Release|Any CPU
		{FFAA5437-3588-47EF-AB91-F9FA6E7BA233}.Debug|Any CPU.ActiveCfg = Debug|Any CPU
		{FFAA5437-3588-47EF-AB91-F9FA6E7BA233}.Debug|Any CPU.Build.0 = Debug|Any CPU
		{FFAA5437-3588-47EF-AB91-F9FA6E7BA233}.Release|Any CPU.ActiveCfg = Release|Any CPU
		{FFAA5437-3588-47EF-AB91-F9FA6E7BA233}.Release|Any CPU.Build.0 = Release|Any CPU
	EndGlobalSection
	GlobalSection(SolutionProperties) = preSolution
		HideSolutionNode = FALSE
	EndGlobalSection
	GlobalSection(NestedProjects) = preSolution
		{40864FBE-6F36-4CE6-86A8-98C56991DAD7} = {DC5FEE40-3A5E-41C5-BEB6-CF2E8E27FE9E}
		{9076FC80-4CA1-4B2C-98FE-2F489EB6E1BC} = {DC5FEE40-3A5E-41C5-BEB6-CF2E8E27FE9E}
		{D4126EED-E539-47D6-9D3E-5B78906080F6} = {4402D292-FBF2-4CDA-B230-74E55D3EC517}
		{BE33D480-5849-41EE-9D22-920791EC0EAA} = {4402D292-FBF2-4CDA-B230-74E55D3EC517}
		{FFAA5437-3588-47EF-AB91-F9FA6E7BA233} = {4402D292-FBF2-4CDA-B230-74E55D3EC517}
	EndGlobalSection
	GlobalSection(ExtensibilityGlobals) = postSolution
		SolutionGuid = {43FB1BAA-2307-42AE-B2AC-FF213B77100B}
	EndGlobalSection
EndGlobal
